// !$*UTF8*$!
{
	archiveVersion = 1;
	classes = {
	};
	objectVersion = 50;
	objects = {

/* Begin PBXBuildFile section */
		C8F19E4024BE6CBC00764464 /* AppDelegate.swift in Sources */ = {isa = PBXBuildFile; fileRef = C8F19E3F24BE6CBC00764464 /* AppDelegate.swift */; };
		C8F19E4224BE6CBC00764464 /* SceneDelegate.swift in Sources */ = {isa = PBXBuildFile; fileRef = C8F19E4124BE6CBC00764464 /* SceneDelegate.swift */; };
		C8F19E4424BE6CBD00764464 /* ViewController.swift in Sources */ = {isa = PBXBuildFile; fileRef = C8F19E4324BE6CBD00764464 /* ViewController.swift */; };
		C8F19E4724BE6CBD00764464 /* Main.storyboard in Resources */ = {isa = PBXBuildFile; fileRef = C8F19E4524BE6CBD00764464 /* Main.storyboard */; };
		C8F19E4924BE6CCA00764464 /* Assets.xcassets in Resources */ = {isa = PBXBuildFile; fileRef = C8F19E4824BE6CCA00764464 /* Assets.xcassets */; };
		C8F19E4C24BE6CCA00764464 /* LaunchScreen.storyboard in Resources */ = {isa = PBXBuildFile; fileRef = C8F19E4A24BE6CCA00764464 /* LaunchScreen.storyboard */; };
		C8F19E5724BE6CCC00764464 /* TippyTests.swift in Sources */ = {isa = PBXBuildFile; fileRef = C8F19E5624BE6CCC00764464 /* TippyTests.swift */; };
		C8F19E6224BE6CCC00764464 /* TippyUITests.swift in Sources */ = {isa = PBXBuildFile; fileRef = C8F19E6124BE6CCC00764464 /* TippyUITests.swift */; };
		C8F19E7024BE825500764464 /* SettingsViewController.swift in Sources */ = {isa = PBXBuildFile; fileRef = C8F19E6F24BE825500764464 /* SettingsViewController.swift */; };
/* End PBXBuildFile section */

/* Begin PBXContainerItemProxy section */
		C8F19E5324BE6CCC00764464 /* PBXContainerItemProxy */ = {
			isa = PBXContainerItemProxy;
			containerPortal = C8F19E3424BE6CBB00764464 /* Project object */;
			proxyType = 1;
			remoteGlobalIDString = C8F19E3B24BE6CBC00764464;
			remoteInfo = Tippy;
		};
		C8F19E5E24BE6CCC00764464 /* PBXContainerItemProxy */ = {
			isa = PBXContainerItemProxy;
			containerPortal = C8F19E3424BE6CBB00764464 /* Project object */;
			proxyType = 1;
			remoteGlobalIDString = C8F19E3B24BE6CBC00764464;
			remoteInfo = Tippy;
		};
/* End PBXContainerItemProxy section */

/* Begin PBXFileReference section */
		C8F19E3C24BE6CBC00764464 /* Tippy.app */ = {isa = PBXFileReference; explicitFileType = wrapper.application; includeInIndex = 0; path = Tippy.app; sourceTree = BUILT_PRODUCTS_DIR; };
		C8F19E3F24BE6CBC00764464 /* AppDelegate.swift */ = {isa = PBXFileReference; lastKnownFileType = sourcecode.swift; path = AppDelegate.swift; sourceTree = "<group>"; };
		C8F19E4124BE6CBC00764464 /* SceneDelegate.swift */ = {isa = PBXFileReference; lastKnownFileType = sourcecode.swift; path = SceneDelegate.swift; sourceTree = "<group>"; };
		C8F19E4324BE6CBD00764464 /* ViewController.swift */ = {isa = PBXFileReference; lastKnownFileType = sourcecode.swift; path = ViewController.swift; sourceTree = "<group>"; };
		C8F19E4624BE6CBD00764464 /* Base */ = {isa = PBXFileReference; lastKnownFileType = file.storyboard; name = Base; path = Base.lproj/Main.storyboard; sourceTree = "<group>"; };
		C8F19E4824BE6CCA00764464 /* Assets.xcassets */ = {isa = PBXFileReference; lastKnownFileType = folder.assetcatalog; path = Assets.xcassets; sourceTree = "<group>"; };
		C8F19E4B24BE6CCA00764464 /* Base */ = {isa = PBXFileReference; lastKnownFileType = file.storyboard; name = Base; path = Base.lproj/LaunchScreen.storyboard; sourceTree = "<group>"; };
		C8F19E4D24BE6CCA00764464 /* Info.plist */ = {isa = PBXFileReference; lastKnownFileType = text.plist.xml; path = Info.plist; sourceTree = "<group>"; };
		C8F19E5224BE6CCC00764464 /* TippyTests.xctest */ = {isa = PBXFileReference; explicitFileType = wrapper.cfbundle; includeInIndex = 0; path = TippyTests.xctest; sourceTree = BUILT_PRODUCTS_DIR; };
		C8F19E5624BE6CCC00764464 /* TippyTests.swift */ = {isa = PBXFileReference; lastKnownFileType = sourcecode.swift; path = TippyTests.swift; sourceTree = "<group>"; };
		C8F19E5824BE6CCC00764464 /* Info.plist */ = {isa = PBXFileReference; lastKnownFileType = text.plist.xml; path = Info.plist; sourceTree = "<group>"; };
		C8F19E5D24BE6CCC00764464 /* TippyUITests.xctest */ = {isa = PBXFileReference; explicitFileType = wrapper.cfbundle; includeInIndex = 0; path = TippyUITests.xctest; sourceTree = BUILT_PRODUCTS_DIR; };
		C8F19E6124BE6CCC00764464 /* TippyUITests.swift */ = {isa = PBXFileReference; lastKnownFileType = sourcecode.swift; path = TippyUITests.swift; sourceTree = "<group>"; };
		C8F19E6324BE6CCC00764464 /* Info.plist */ = {isa = PBXFileReference; lastKnownFileType = text.plist.xml; path = Info.plist; sourceTree = "<group>"; };
		C8F19E6F24BE825500764464 /* SettingsViewController.swift */ = {isa = PBXFileReference; lastKnownFileType = sourcecode.swift; path = SettingsViewController.swift; sourceTree = "<group>"; };
/* End PBXFileReference section */

/* Begin PBXFrameworksBuildPhase section */
		C8F19E3924BE6CBC00764464 /* Frameworks */ = {
			isa = PBXFrameworksBuildPhase;
			buildActionMask = 2147483647;
			files = (
			);
			runOnlyForDeploymentPostprocessing = 0;
		};
		C8F19E4F24BE6CCC00764464 /* Frameworks */ = {
			isa = PBXFrameworksBuildPhase;
			buildActionMask = 2147483647;
			files = (
			);
			runOnlyForDeploymentPostprocessing = 0;
		};
		C8F19E5A24BE6CCC00764464 /* Frameworks */ = {
			isa = PBXFrameworksBuildPhase;
			buildActionMask = 2147483647;
			files = (
			);
			runOnlyForDeploymentPostprocessing = 0;
		};
/* End PBXFrameworksBuildPhase section */

/* Begin PBXGroup section */
		C8F19E3324BE6CA600764464 = {
			isa = PBXGroup;
			children = (
				C8F19E3E24BE6CBC00764464 /* Tippy */,
				C8F19E5524BE6CCC00764464 /* TippyTests */,
				C8F19E6024BE6CCC00764464 /* TippyUITests */,
				C8F19E3D24BE6CBC00764464 /* Products */,
			);
			sourceTree = "<group>";
		};
		C8F19E3D24BE6CBC00764464 /* Products */ = {
			isa = PBXGroup;
			children = (
				C8F19E3C24BE6CBC00764464 /* Tippy.app */,
				C8F19E5224BE6CCC00764464 /* TippyTests.xctest */,
				C8F19E5D24BE6CCC00764464 /* TippyUITests.xctest */,
			);
			name = Products;
			sourceTree = "<group>";
		};
		C8F19E3E24BE6CBC00764464 /* Tippy */ = {
			isa = PBXGroup;
			children = (
				C8F19E3F24BE6CBC00764464 /* AppDelegate.swift */,
				C8F19E4124BE6CBC00764464 /* SceneDelegate.swift */,
				C8F19E4324BE6CBD00764464 /* ViewController.swift */,
				C8F19E4524BE6CBD00764464 /* Main.storyboard */,
				C8F19E6F24BE825500764464 /* SettingsViewController.swift */,
				C8F19E4824BE6CCA00764464 /* Assets.xcassets */,
				C8F19E4A24BE6CCA00764464 /* LaunchScreen.storyboard */,
				C8F19E4D24BE6CCA00764464 /* Info.plist */,
			);
			path = Tippy;
			sourceTree = "<group>";
		};
		C8F19E5524BE6CCC00764464 /* TippyTests */ = {
			isa = PBXGroup;
			children = (
				C8F19E5624BE6CCC00764464 /* TippyTests.swift */,
				C8F19E5824BE6CCC00764464 /* Info.plist */,
			);
			path = TippyTests;
			sourceTree = "<group>";
		};
		C8F19E6024BE6CCC00764464 /* TippyUITests */ = {
			isa = PBXGroup;
			children = (
				C8F19E6124BE6CCC00764464 /* TippyUITests.swift */,
				C8F19E6324BE6CCC00764464 /* Info.plist */,
			);
			path = TippyUITests;
			sourceTree = "<group>";
		};
/* End PBXGroup section */

/* Begin PBXNativeTarget section */
		C8F19E3B24BE6CBC00764464 /* Tippy */ = {
			isa = PBXNativeTarget;
			buildConfigurationList = C8F19E6624BE6CCC00764464 /* Build configuration list for PBXNativeTarget "Tippy" */;
			buildPhases = (
				C8F19E3824BE6CBC00764464 /* Sources */,
				C8F19E3924BE6CBC00764464 /* Frameworks */,
				C8F19E3A24BE6CBC00764464 /* Resources */,
			);
			buildRules = (
			);
			dependencies = (
			);
			name = Tippy;
			productName = Tippy;
			productReference = C8F19E3C24BE6CBC00764464 /* Tippy.app */;
			productType = "com.apple.product-type.application";
		};
		C8F19E5124BE6CCC00764464 /* TippyTests */ = {
			isa = PBXNativeTarget;
			buildConfigurationList = C8F19E6924BE6CCC00764464 /* Build configuration list for PBXNativeTarget "TippyTests" */;
			buildPhases = (
				C8F19E4E24BE6CCC00764464 /* Sources */,
				C8F19E4F24BE6CCC00764464 /* Frameworks */,
				C8F19E5024BE6CCC00764464 /* Resources */,
			);
			buildRules = (
			);
			dependencies = (
				C8F19E5424BE6CCC00764464 /* PBXTargetDependency */,
			);
			name = TippyTests;
			productName = TippyTests;
			productReference = C8F19E5224BE6CCC00764464 /* TippyTests.xctest */;
			productType = "com.apple.product-type.bundle.unit-test";
		};
		C8F19E5C24BE6CCC00764464 /* TippyUITests */ = {
			isa = PBXNativeTarget;
			buildConfigurationList = C8F19E6C24BE6CCC00764464 /* Build configuration list for PBXNativeTarget "TippyUITests" */;
			buildPhases = (
				C8F19E5924BE6CCC00764464 /* Sources */,
				C8F19E5A24BE6CCC00764464 /* Frameworks */,
				C8F19E5B24BE6CCC00764464 /* Resources */,
			);
			buildRules = (
			);
			dependencies = (
				C8F19E5F24BE6CCC00764464 /* PBXTargetDependency */,
			);
			name = TippyUITests;
			productName = TippyUITests;
			productReference = C8F19E5D24BE6CCC00764464 /* TippyUITests.xctest */;
			productType = "com.apple.product-type.bundle.ui-testing";
		};
/* End PBXNativeTarget section */

/* Begin PBXProject section */
		C8F19E3424BE6CBB00764464 /* Project object */ = {
			isa = PBXProject;
			attributes = {
				LastSwiftUpdateCheck = 1130;
				LastUpgradeCheck = 1130;
				ORGANIZATIONNAME = "Maÿlis Whetsel";
				TargetAttributes = {
					C8F19E3B24BE6CBC00764464 = {
						CreatedOnToolsVersion = 11.3.1;
					};
					C8F19E5124BE6CCC00764464 = {
						CreatedOnToolsVersion = 11.3.1;
						TestTargetID = C8F19E3B24BE6CBC00764464;
					};
					C8F19E5C24BE6CCC00764464 = {
						CreatedOnToolsVersion = 11.3.1;
						TestTargetID = C8F19E3B24BE6CBC00764464;
					};
				};
			};
			buildConfigurationList = C8F19E3724BE6CBB00764464 /* Build configuration list for PBXProject "Tippy" */;
			compatibilityVersion = "Xcode 9.3";
			developmentRegion = en;
			hasScannedForEncodings = 0;
			knownRegions = (
				en,
				Base,
			);
			mainGroup = C8F19E3324BE6CA600764464;
			productRefGroup = C8F19E3D24BE6CBC00764464 /* Products */;
			projectDirPath = "";
			projectRoot = "";
			targets = (
				C8F19E3B24BE6CBC00764464 /* Tippy */,
				C8F19E5124BE6CCC00764464 /* TippyTests */,
				C8F19E5C24BE6CCC00764464 /* TippyUITests */,
			);
		};
/* End PBXProject section */

/* Begin PBXResourcesBuildPhase section */
		C8F19E3A24BE6CBC00764464 /* Resources */ = {
			isa = PBXResourcesBuildPhase;
			buildActionMask = 2147483647;
			files = (
				C8F19E4C24BE6CCA00764464 /* LaunchScreen.storyboard in Resources */,
				C8F19E4924BE6CCA00764464 /* Assets.xcassets in Resources */,
				C8F19E4724BE6CBD00764464 /* Main.storyboard in Resources */,
			);
			runOnlyForDeploymentPostprocessing = 0;
		};
		C8F19E5024BE6CCC00764464 /* Resources */ = {
			isa = PBXResourcesBuildPhase;
			buildActionMask = 2147483647;
			files = (
			);
			runOnlyForDeploymentPostprocessing = 0;
		};
		C8F19E5B24BE6CCC00764464 /* Resources */ = {
			isa = PBXResourcesBuildPhase;
			buildActionMask = 2147483647;
			files = (
			);
			runOnlyForDeploymentPostprocessing = 0;
		};
/* End PBXResourcesBuildPhase section */

/* Begin PBXSourcesBuildPhase section */
		C8F19E3824BE6CBC00764464 /* Sources */ = {
			isa = PBXSourcesBuildPhase;
			buildActionMask = 2147483647;
			files = (
				C8F19E4424BE6CBD00764464 /* ViewController.swift in Sources */,
				C8F19E4024BE6CBC00764464 /* AppDelegate.swift in Sources */,
				C8F19E4224BE6CBC00764464 /* SceneDelegate.swift in Sources */,
				C8F19E7024BE825500764464 /* SettingsViewController.swift in Sources */,
			);
			runOnlyForDeploymentPostprocessing = 0;
		};
		C8F19E4E24BE6CCC00764464 /* Sources */ = {
			isa = PBXSourcesBuildPhase;
			buildActionMask = 2147483647;
			files = (
				C8F19E5724BE6CCC00764464 /* TippyTests.swift in Sources */,
			);
			runOnlyForDeploymentPostprocessing = 0;
		};
		C8F19E5924BE6CCC00764464 /* Sources */ = {
			isa = PBXSourcesBuildPhase;
			buildActionMask = 2147483647;
			files = (
				C8F19E6224BE6CCC00764464 /* TippyUITests.swift in Sources */,
			);
			runOnlyForDeploymentPostprocessing = 0;
		};
/* End PBXSourcesBuildPhase section */

/* Begin PBXTargetDependency section */
		C8F19E5424BE6CCC00764464 /* PBXTargetDependency */ = {
			isa = PBXTargetDependency;
			target = C8F19E3B24BE6CBC00764464 /* Tippy */;
			targetProxy = C8F19E5324BE6CCC00764464 /* PBXContainerItemProxy */;
		};
		C8F19E5F24BE6CCC00764464 /* PBXTargetDependency */ = {
			isa = PBXTargetDependency;
			target = C8F19E3B24BE6CBC00764464 /* Tippy */;
			targetProxy = C8F19E5E24BE6CCC00764464 /* PBXContainerItemProxy */;
		};
/* End PBXTargetDependency section */

/* Begin PBXVariantGroup section */
		C8F19E4524BE6CBD00764464 /* Main.storyboard */ = {
			isa = PBXVariantGroup;
			children = (
				C8F19E4624BE6CBD00764464 /* Base */,
			);
			name = Main.storyboard;
			sourceTree = "<group>";
		};
		C8F19E4A24BE6CCA00764464 /* LaunchScreen.storyboard */ = {
			isa = PBXVariantGroup;
			children = (
				C8F19E4B24BE6CCA00764464 /* Base */,
			);
			name = LaunchScreen.storyboard;
			sourceTree = "<group>";
		};
/* End PBXVariantGroup section */

/* Begin XCBuildConfiguration section */
		C8F19E6424BE6CCC00764464 /* Debug */ = {
			isa = XCBuildConfiguration;
			buildSettings = {
				ALWAYS_SEARCH_USER_PATHS = NO;
				CLANG_ANALYZER_NONNULL = YES;
				CLANG_ANALYZER_NUMBER_OBJECT_CONVERSION = YES_AGGRESSIVE;
				CLANG_CXX_LANGUAGE_STANDARD = "gnu++14";
				CLANG_CXX_LIBRARY = "libc++";
				CLANG_ENABLE_MODULES = YES;
				CLANG_ENABLE_OBJC_ARC = YES;
				CLANG_ENABLE_OBJC_WEAK = YES;
				CLANG_WARN_BLOCK_CAPTURE_AUTORELEASING = YES;
				CLANG_WARN_BOOL_CONVERSION = YES;
				CLANG_WARN_COMMA = YES;
				CLANG_WARN_CONSTANT_CONVERSION = YES;
				CLANG_WARN_DEPRECATED_OBJC_IMPLEMENTATIONS = YES;
				CLANG_WARN_DIRECT_OBJC_ISA_USAGE = YES_ERROR;
				CLANG_WARN_DOCUMENTATION_COMMENTS = YES;
				CLANG_WARN_EMPTY_BODY = YES;
				CLANG_WARN_ENUM_CONVERSION = YES;
				CLANG_WARN_INFINITE_RECURSION = YES;
				CLANG_WARN_INT_CONVERSION = YES;
				CLANG_WARN_NON_LITERAL_NULL_CONVERSION = YES;
				CLANG_WARN_OBJC_IMPLICIT_RETAIN_SELF = YES;
				CLANG_WARN_OBJC_LITERAL_CONVERSION = YES;
				CLANG_WARN_OBJC_ROOT_CLASS = YES_ERROR;
				CLANG_WARN_RANGE_LOOP_ANALYSIS = YES;
				CLANG_WARN_STRICT_PROTOTYPES = YES;
				CLANG_WARN_SUSPICIOUS_MOVE = YES;
				CLANG_WARN_UNGUARDED_AVAILABILITY = YES_AGGRESSIVE;
				CLANG_WARN_UNREACHABLE_CODE = YES;
				CLANG_WARN__DUPLICATE_METHOD_MATCH = YES;
				COPY_PHASE_STRIP = NO;
				DEBUG_INFORMATION_FORMAT = dwarf;
				ENABLE_STRICT_OBJC_MSGSEND = YES;
				ENABLE_TESTABILITY = YES;
				GCC_C_LANGUAGE_STANDARD = gnu11;
				GCC_DYNAMIC_NO_PIC = NO;
				GCC_NO_COMMON_BLOCKS = YES;
				GCC_OPTIMIZATION_LEVEL = 0;
				GCC_PREPROCESSOR_DEFINITIONS = (
					"DEBUG=1",
					"$(inherited)",
				);
				GCC_WARN_64_TO_32_BIT_CONVERSION = YES;
				GCC_WARN_ABOUT_RETURN_TYPE = YES_ERROR;
				GCC_WARN_UNDECLARED_SELECTOR = YES;
				GCC_WARN_UNINITIALIZED_AUTOS = YES_AGGRESSIVE;
				GCC_WARN_UNUSED_FUNCTION = YES;
				GCC_WARN_UNUSED_VARIABLE = YES;
				IPHONEOS_DEPLOYMENT_TARGET = 13.2;
				MTL_ENABLE_DEBUG_INFO = INCLUDE_SOURCE;
				MTL_FAST_MATH = YES;
				ONLY_ACTIVE_ARCH = YES;
				SDKROOT = iphoneos;
				SWIFT_ACTIVE_COMPILATION_CONDITIONS = DEBUG;
				SWIFT_OPTIMIZATION_LEVEL = "-Onone";
			};
			name = Debug;
		};
		C8F19E6524BE6CCC00764464 /* Release */ = {
			isa = XCBuildConfiguration;
			buildSettings = {
				ALWAYS_SEARCH_USER_PATHS = NO;
				CLANG_ANALYZER_NONNULL = YES;
				CLANG_ANALYZER_NUMBER_OBJECT_CONVERSION = YES_AGGRESSIVE;
				CLANG_CXX_LANGUAGE_STANDARD = "gnu++14";
				CLANG_CXX_LIBRARY = "libc++";
				CLANG_ENABLE_MODULES = YES;
				CLANG_ENABLE_OBJC_ARC = YES;
				CLANG_ENABLE_OBJC_WEAK = YES;
				CLANG_WARN_BLOCK_CAPTURE_AUTORELEASING = YES;
				CLANG_WARN_BOOL_CONVERSION = YES;
				CLANG_WARN_COMMA = YES;
				CLANG_WARN_CONSTANT_CONVERSION = YES;
				CLANG_WARN_DEPRECATED_OBJC_IMPLEMENTATIONS = YES;
				CLANG_WARN_DIRECT_OBJC_ISA_USAGE = YES_ERROR;
				CLANG_WARN_DOCUMENTATION_COMMENTS = YES;
				CLANG_WARN_EMPTY_BODY = YES;
				CLANG_WARN_ENUM_CONVERSION = YES;
				CLANG_WARN_INFINITE_RECURSION = YES;
				CLANG_WARN_INT_CONVERSION = YES;
				CLANG_WARN_NON_LITERAL_NULL_CONVERSION = YES;
				CLANG_WARN_OBJC_IMPLICIT_RETAIN_SELF = YES;
				CLANG_WARN_OBJC_LITERAL_CONVERSION = YES;
				CLANG_WARN_OBJC_ROOT_CLASS = YES_ERROR;
				CLANG_WARN_RANGE_LOOP_ANALYSIS = YES;
				CLANG_WARN_STRICT_PROTOTYPES = YES;
				CLANG_WARN_SUSPICIOUS_MOVE = YES;
				CLANG_WARN_UNGUARDED_AVAILABILITY = YES_AGGRESSIVE;
				CLANG_WARN_UNREACHABLE_CODE = YES;
				CLANG_WARN__DUPLICATE_METHOD_MATCH = YES;
				COPY_PHASE_STRIP = NO;
				DEBUG_INFORMATION_FORMAT = "dwarf-with-dsym";
				ENABLE_NS_ASSERTIONS = NO;
				ENABLE_STRICT_OBJC_MSGSEND = YES;
				GCC_C_LANGUAGE_STANDARD = gnu11;
				GCC_NO_COMMON_BLOCKS = YES;
				GCC_WARN_64_TO_32_BIT_CONVERSION = YES;
				GCC_WARN_ABOUT_RETURN_TYPE = YES_ERROR;
				GCC_WARN_UNDECLARED_SELECTOR = YES;
				GCC_WARN_UNINITIALIZED_AUTOS = YES_AGGRESSIVE;
				GCC_WARN_UNUSED_FUNCTION = YES;
				GCC_WARN_UNUSED_VARIABLE = YES;
				IPHONEOS_DEPLOYMENT_TARGET = 13.2;
				MTL_ENABLE_DEBUG_INFO = NO;
				MTL_FAST_MATH = YES;
				SDKROOT = iphoneos;
				SWIFT_COMPILATION_MODE = wholemodule;
				SWIFT_OPTIMIZATION_LEVEL = "-O";
				VALIDATE_PRODUCT = YES;
			};
			name = Release;
		};
		C8F19E6724BE6CCC00764464 /* Debug */ = {
			isa = XCBuildConfiguration;
			buildSettings = {
				ASSETCATALOG_COMPILER_APPICON_NAME = AppIcon;
				CODE_SIGN_STYLE = Automatic;
				INFOPLIST_FILE = Tippy/Info.plist;
				LD_RUNPATH_SEARCH_PATHS = (
					"$(inherited)",
					"@executable_path/Frameworks",
				);
				PRODUCT_BUNDLE_IDENTIFIER = com.example.maylisw.Tippy;
				PRODUCT_NAME = "$(TARGET_NAME)";
				SWIFT_VERSION = 5.0;
				TARGETED_DEVICE_FAMILY = "1,2";
			};
			name = Debug;
		};
		C8F19E6824BE6CCC00764464 /* Release */ = {
			isa = XCBuildConfiguration;
			buildSettings = {
				ASSETCATALOG_COMPILER_APPICON_NAME = AppIcon;
				CODE_SIGN_STYLE = Automatic;
				INFOPLIST_FILE = Tippy/Info.plist;
				LD_RUNPATH_SEARCH_PATHS = (
					"$(inherited)",
					"@executable_path/Frameworks",
				);
				PRODUCT_BUNDLE_IDENTIFIER = com.example.maylisw.Tippy;
				PRODUCT_NAME = "$(TARGET_NAME)";
				SWIFT_VERSION = 5.0;
				TARGETED_DEVICE_FAMILY = "1,2";
			};
			name = Release;
		};
		C8F19E6A24BE6CCC00764464 /* Debug */ = {
			isa = XCBuildConfiguration;
			buildSettings = {
				ALWAYS_EMBED_SWIFT_STANDARD_LIBRARIES = YES;
				BUNDLE_LOADER = "$(TEST_HOST)";
				CODE_SIGN_STYLE = Automatic;
				INFOPLIST_FILE = TippyTests/Info.plist;
				IPHONEOS_DEPLOYMENT_TARGET = 13.2;
				LD_RUNPATH_SEARCH_PATHS = (
					"$(inherited)",
					"@executable_path/Frameworks",
					"@loader_path/Frameworks",
				);
				PRODUCT_BUNDLE_IDENTIFIER = com.example.maylisw.TippyTests;
				PRODUCT_NAME = "$(TARGET_NAME)";
				SWIFT_VERSION = 5.0;
				TARGETED_DEVICE_FAMILY = "1,2";
				TEST_HOST = "$(BUILT_PRODUCTS_DIR)/Tippy.app/Tippy";
			};
			name = Debug;
		};
		C8F19E6B24BE6CCC00764464 /* Release */ = {
			isa = XCBuildConfiguration;
			buildSettings = {
				ALWAYS_EMBED_SWIFT_STANDARD_LIBRARIES = YES;
				BUNDLE_LOADER = "$(TEST_HOST)";
				CODE_SIGN_STYLE = Automatic;
				INFOPLIST_FILE = TippyTests/Info.plist;
				IPHONEOS_DEPLOYMENT_TARGET = 13.2;
				LD_RUNPATH_SEARCH_PATHS = (
					"$(inherited)",
					"@executable_path/Frameworks",
					"@loader_path/Frameworks",
				);
				PRODUCT_BUNDLE_IDENTIFIER = com.example.maylisw.TippyTests;
				PRODUCT_NAME = "$(TARGET_NAME)";
				SWIFT_VERSION = 5.0;
				TARGETED_DEVICE_FAMILY = "1,2";
				TEST_HOST = "$(BUILT_PRODUCTS_DIR)/Tippy.app/Tippy";
			};
			name = Release;
		};
		C8F19E6D24BE6CCC00764464 /* Debug */ = {
			isa = XCBuildConfiguration;
			buildSettings = {
				ALWAYS_EMBED_SWIFT_STANDARD_LIBRARIES = YES;
				CODE_SIGN_STYLE = Automatic;
				INFOPLIST_FILE = TippyUITests/Info.plist;
				LD_RUNPATH_SEARCH_PATHS = (
					"$(inherited)",
					"@executable_path/Frameworks",
					"@loader_path/Frameworks",
				);
				PRODUCT_BUNDLE_IDENTIFIER = com.example.maylisw.TippyUITests;
				PRODUCT_NAME = "$(TARGET_NAME)";
				SWIFT_VERSION = 5.0;
				TARGETED_DEVICE_FAMILY = "1,2";
				TEST_TARGET_NAME = Tippy;
			};
			name = Debug;
		};
		C8F19E6E24BE6CCC00764464 /* Release */ = {
			isa = XCBuildConfiguration;
			buildSettings = {
				ALWAYS_EMBED_SWIFT_STANDARD_LIBRARIES = YES;
				CODE_SIGN_STYLE = Automatic;
				INFOPLIST_FILE = TippyUITests/Info.plist;
				LD_RUNPATH_SEARCH_PATHS = (
					"$(inherited)",
					"@executable_path/Frameworks",
					"@loader_path/Frameworks",
				);
				PRODUCT_BUNDLE_IDENTIFIER = com.example.maylisw.TippyUITests;
				PRODUCT_NAME = "$(TARGET_NAME)";
				SWIFT_VERSION = 5.0;
				TARGETED_DEVICE_FAMILY = "1,2";
				TEST_TARGET_NAME = Tippy;
			};
			name = Release;
		};
/* End XCBuildConfiguration section */

/* Begin XCConfigurationList section */
		C8F19E3724BE6CBB00764464 /* Build configuration list for PBXProject "Tippy" */ = {
			isa = XCConfigurationList;
			buildConfigurations = (
				C8F19E6424BE6CCC00764464 /* Debug */,
				C8F19E6524BE6CCC00764464 /* Release */,
			);
			defaultConfigurationIsVisible = 0;
			defaultConfigurationName = Release;
		};
		C8F19E6624BE6CCC00764464 /* Build configuration list for PBXNativeTarget "Tippy" */ = {
			isa = XCConfigurationList;
			buildConfigurations = (
				C8F19E6724BE6CCC00764464 /* Debug */,
				C8F19E6824BE6CCC00764464 /* Release */,
			);
			defaultConfigurationIsVisible = 0;
			defaultConfigurationName = Release;
		};
		C8F19E6924BE6CCC00764464 /* Build configuration list for PBXNativeTarget "TippyTests" */ = {
			isa = XCConfigurationList;
			buildConfigurations = (
				C8F19E6A24BE6CCC00764464 /* Debug */,
				C8F19E6B24BE6CCC00764464 /* Release */,
			);
			defaultConfigurationIsVisible = 0;
			defaultConfigurationName = Release;
		};
		C8F19E6C24BE6CCC00764464 /* Build configuration list for PBXNativeTarget "TippyUITests" */ = {
			isa = XCConfigurationList;
			buildConfigurations = (
				C8F19E6D24BE6CCC00764464 /* Debug */,
				C8F19E6E24BE6CCC00764464 /* Release */,
			);
			defaultConfigurationIsVisible = 0;
			defaultConfigurationName = Release;
		};
/* End XCConfigurationList section */
	};
	rootObject = C8F19E3424BE6CBB00764464 /* Project object */;
}
